
Microsoft Visual Studio Solution File, Format Version 12.00
# Visual Studio 15
VisualStudioVersion = 15.0.28307.757
MinimumVisualStudioVersion = 10.0.40219.1
Project("{9A19103F-16F7-4668-BE54-9A1E7A4F7556}") = "AltexTravel.API", "AltexTravel.API\AltexTravel.API.csproj", "{85193154-B1D5-4C68-B661-676DC41D2915}"
EndProject
Project("{FAE04EC0-301F-11D3-BF4B-00C04F79EFBC}") = "AltexTravel.API.DAL", "AltexTravel.API.DAL\AltexTravel.API.DAL.csproj", "{CC3C3D6A-0FED-4698-9C0E-A5BD32783CB2}"
EndProject
Project("{FAE04EC0-301F-11D3-BF4B-00C04F79EFBC}") = "AltexTravel.API.Domain", "AltexTravel.API.Domain\AltexTravel.API.Domain.csproj", "{8929F0EC-ECC1-48D5-9EBE-8EE9F70F2093}"
EndProject
Project("{FAE04EC0-301F-11D3-BF4B-00C04F79EFBC}") = "AltexTravel.API.Dtos", "AltexTravel.API.Dtos\AltexTravel.API.Dtos.csproj", "{2CB67F4D-7A3C-4768-86BF-CEC2C069DE4E}"
EndProject
Project("{FAE04EC0-301F-11D3-BF4B-00C04F79EFBC}") = "AltexTravel.API.DAL.Queries", "AltexTravel.API.DAL.Queries\AltexTravel.API.DAL.Queries.csproj", "{922C14E1-74CF-42DA-818F-53B6809F4079}"
EndProject
Project("{FAE04EC0-301F-11D3-BF4B-00C04F79EFBC}") = "AltexTravel.API.DAL.Commands", "AltexTravel.API.DAL.Commands\AltexTravel.API.DAL.Commands.csproj", "{1CD49FEF-8FEC-4CAC-BED2-9BAE44680821}"
EndProject
Project("{FAE04EC0-301F-11D3-BF4B-00C04F79EFBC}") = "AltexTravel.API.DAL.QueryHandlers", "AltexTravel.API.DAL.QueryHandlers\AltexTravel.API.DAL.QueryHandlers.csproj", "{C171B850-134F-49B3-B5BD-A562A6CAF2B8}"
EndProject
Project("{FAE04EC0-301F-11D3-BF4B-00C04F79EFBC}") = "AltexTravel.API.DAL.CommandHandlers", "AltexTravel.API.DAL.CommandHandlers\AltexTravel.API.DAL.CommandHandlers.csproj", "{866666E2-EF96-4C50-864C-A2C55F1ED7D0}"
EndProject
Project("{FAE04EC0-301F-11D3-BF4B-00C04F79EFBC}") = "AltexTravel.API.DAL.BaseHandlers", "AltexTravel.API.DAL.BaseHandlers\AltexTravel.API.DAL.BaseHandlers.csproj", "{0B2681BE-EBAD-406D-B72C-6C1FEF49F2E2}"
EndProject
Global
	GlobalSection(SolutionConfigurationPlatforms) = preSolution
		Debug|Any CPU = Debug|Any CPU
		Release|Any CPU = Release|Any CPU
	EndGlobalSection
	GlobalSection(ProjectConfigurationPlatforms) = postSolution
		{85193154-B1D5-4C68-B661-676DC41D2915}.Debug|Any CPU.ActiveCfg = Debug|Any CPU
		{85193154-B1D5-4C68-B661-676DC41D2915}.Debug|Any CPU.Build.0 = Debug|Any CPU
		{85193154-B1D5-4C68-B661-676DC41D2915}.Release|Any CPU.ActiveCfg = Release|Any CPU
		{85193154-B1D5-4C68-B661-676DC41D2915}.Release|Any CPU.Build.0 = Release|Any CPU
		{CC3C3D6A-0FED-4698-9C0E-A5BD32783CB2}.Debug|Any CPU.ActiveCfg = Debug|Any CPU
		{CC3C3D6A-0FED-4698-9C0E-A5BD32783CB2}.Debug|Any CPU.Build.0 = Debug|Any CPU
		{CC3C3D6A-0FED-4698-9C0E-A5BD32783CB2}.Release|Any CPU.ActiveCfg = Release|Any CPU
		{CC3C3D6A-0FED-4698-9C0E-A5BD32783CB2}.Release|Any CPU.Build.0 = Release|Any CPU
		{8929F0EC-ECC1-48D5-9EBE-8EE9F70F2093}.Debug|Any CPU.ActiveCfg = Debug|Any CPU
		{8929F0EC-ECC1-48D5-9EBE-8EE9F70F2093}.Debug|Any CPU.Build.0 = Debug|Any CPU
		{8929F0EC-ECC1-48D5-9EBE-8EE9F70F2093}.Release|Any CPU.ActiveCfg = Release|Any CPU
		{8929F0EC-ECC1-48D5-9EBE-8EE9F70F2093}.Release|Any CPU.Build.0 = Release|Any CPU
		{2CB67F4D-7A3C-4768-86BF-CEC2C069DE4E}.Debug|Any CPU.ActiveCfg = Debug|Any CPU
		{2CB67F4D-7A3C-4768-86BF-CEC2C069DE4E}.Debug|Any CPU.Build.0 = Debug|Any CPU
		{2CB67F4D-7A3C-4768-86BF-CEC2C069DE4E}.Release|Any CPU.ActiveCfg = Release|Any CPU
		{2CB67F4D-7A3C-4768-86BF-CEC2C069DE4E}.Release|Any CPU.Build.0 = Release|Any CPU
		{922C14E1-74CF-42DA-818F-53B6809F4079}.Debug|Any CPU.ActiveCfg = Debug|Any CPU
		{922C14E1-74CF-42DA-818F-53B6809F4079}.Debug|Any CPU.Build.0 = Debug|Any CPU
		{922C14E1-74CF-42DA-818F-53B6809F4079}.Release|Any CPU.ActiveCfg = Release|Any CPU
		{922C14E1-74CF-42DA-818F-53B6809F4079}.Release|Any CPU.Build.0 = Release|Any CPU
		{1CD49FEF-8FEC-4CAC-BED2-9BAE44680821}.Debug|Any CPU.ActiveCfg = Debug|Any CPU
		{1CD49FEF-8FEC-4CAC-BED2-9BAE44680821}.Debug|Any CPU.Build.0 = Debug|Any CPU
		{1CD49FEF-8FEC-4CAC-BED2-9BAE44680821}.Release|Any CPU.ActiveCfg = Release|Any CPU
		{1CD49FEF-8FEC-4CAC-BED2-9BAE44680821}.Release|Any CPU.Build.0 = Release|Any CPU
		{C171B850-134F-49B3-B5BD-A562A6CAF2B8}.Debug|Any CPU.ActiveCfg = Debug|Any CPU
		{C171B850-134F-49B3-B5BD-A562A6CAF2B8}.Debug|Any CPU.Build.0 = Debug|Any CPU
		{C171B850-134F-49B3-B5BD-A562A6CAF2B8}.Release|Any CPU.ActiveCfg = Release|Any CPU
		{C171B850-134F-49B3-B5BD-A562A6CAF2B8}.Release|Any CPU.Build.0 = Release|Any CPU
		{866666E2-EF96-4C50-864C-A2C55F1ED7D0}.Debug|Any CPU.ActiveCfg = Debug|Any CPU
		{866666E2-EF96-4C50-864C-A2C55F1ED7D0}.Debug|Any CPU.Build.0 = Debug|Any CPU
		{866666E2-EF96-4C50-864C-A2C55F1ED7D0}.Release|Any CPU.ActiveCfg = Release|Any CPU
		{866666E2-EF96-4C50-864C-A2C55F1ED7D0}.Release|Any CPU.Build.0 = Release|Any CPU
		{0B2681BE-EBAD-406D-B72C-6C1FEF49F2E2}.Debug|Any CPU.ActiveCfg = Debug|Any CPU
		{0B2681BE-EBAD-406D-B72C-6C1FEF49F2E2}.Debug|Any CPU.Build.0 = Debug|Any CPU
		{0B2681BE-EBAD-406D-B72C-6C1FEF49F2E2}.Release|Any CPU.ActiveCfg = Release|Any CPU
		{0B2681BE-EBAD-406D-B72C-6C1FEF49F2E2}.Release|Any CPU.Build.0 = Release|Any CPU
	EndGlobalSection
	GlobalSection(SolutionProperties) = preSolution
		HideSolutionNode = FALSE
	EndGlobalSection
	GlobalSection(ExtensibilityGlobals) = postSolution
		SolutionGuid = {269D8F14-D94A-4367-8EDA-A0355FE87877}
	EndGlobalSection
EndGlobal
